// !$*UTF8*$!
{
	archiveVersion = 1;
	classes = {
	};
	objectVersion = 46;
	objects = {

/* Begin PBXBuildFile section */
		BA089B901890B5760013D713 /* PandaAdvanceTypeViewController.m in Sources */ = {isa = PBXBuildFile; fileRef = BA089B8F1890B5760013D713 /* PandaAdvanceTypeViewController.m */; };
		BA089B931890B5850013D713 /* PandaAdvanceDetailViewController.m in Sources */ = {isa = PBXBuildFile; fileRef = BA089B921890B5850013D713 /* PandaAdvanceDetailViewController.m */; };
		BA089B961890B59A0013D713 /* PandaAdvanceValueViewController.m in Sources */ = {isa = PBXBuildFile; fileRef = BA089B951890B59A0013D713 /* PandaAdvanceValueViewController.m */; };
		BA089B991890B5A60013D713 /* PandaAdvanceEffectViewController.m in Sources */ = {isa = PBXBuildFile; fileRef = BA089B981890B5A60013D713 /* PandaAdvanceEffectViewController.m */; };
		BA35A6401878527200149758 /* Reference.txt in Resources */ = {isa = PBXBuildFile; fileRef = BA35A63F1878527200149758 /* Reference.txt */; };
		BA4C80701879D523000DD417 /* PandaTranslator.m in Sources */ = {isa = PBXBuildFile; fileRef = BA4C806F1879D523000DD417 /* PandaTranslator.m */; };
		BA514DBE186FC201009730D4 /* cards.cdb in Resources */ = {isa = PBXBuildFile; fileRef = BA514DBD186FC201009730D4 /* cards.cdb */; };
		BA9467E81893BFB200C9161F /* 88.png in Resources */ = {isa = PBXBuildFile; fileRef = BA9467E51893BFB200C9161F /* 88.png */; };
		BA9467E91893BFB200C9161F /* 33.png in Resources */ = {isa = PBXBuildFile; fileRef = BA9467E61893BFB200C9161F /* 33.png */; };
		BA9467EA1893BFB200C9161F /* 87.png in Resources */ = {isa = PBXBuildFile; fileRef = BA9467E71893BFB200C9161F /* 87.png */; };
		BA9467ED1893D63E00C9161F /* PandaNavigationViewController.m in Sources */ = {isa = PBXBuildFile; fileRef = BA9467EC1893D63E00C9161F /* PandaNavigationViewController.m */; };
		BAA7CDDE1893AF6000DA1EE5 /* Entitlements.plist in Resources */ = {isa = PBXBuildFile; fileRef = BAA7CDDD1893AF6000DA1EE5 /* Entitlements.plist */; };
		BAA95563187B14A600F12BB0 /* PandaDetailsViewController.m in Sources */ = {isa = PBXBuildFile; fileRef = BAA95562187B14A600F12BB0 /* PandaDetailsViewController.m */; };
		BAA95566187B183F00F12BB0 /* PandaSummaryViewController.m in Sources */ = {isa = PBXBuildFile; fileRef = BAA95565187B183F00F12BB0 /* PandaSummaryViewController.m */; };
		BAA95569187B184B00F12BB0 /* PandaImageViewController.m in Sources */ = {isa = PBXBuildFile; fileRef = BAA95568187B184B00F12BB0 /* PandaImageViewController.m */; };
		BAB61045189149D80052D4E1 /* PandaHighSearchViewController.m in Sources */ = {isa = PBXBuildFile; fileRef = BAB61044189149D80052D4E1 /* PandaHighSearchViewController.m */; };
		BABDF53F188F749600608766 /* PandaAdvancedSearchViewController.m in Sources */ = {isa = PBXBuildFile; fileRef = BABDF53E188F749600608766 /* PandaAdvancedSearchViewController.m */; };
		BABDF548188F89C200608766 /* PandaSearchComboViewController.m in Sources */ = {isa = PBXBuildFile; fileRef = BABDF547188F89C200608766 /* PandaSearchComboViewController.m */; };
		BACA6BE1186EC93F00EF8091 /* Foundation.framework in Frameworks */ = {isa = PBXBuildFile; fileRef = BACA6BE0186EC93F00EF8091 /* Foundation.framework */; };
		BACA6BE3186EC93F00EF8091 /* CoreGraphics.framework in Frameworks */ = {isa = PBXBuildFile; fileRef = BACA6BE2186EC93F00EF8091 /* CoreGraphics.framework */; };
		BACA6BE5186EC93F00EF8091 /* UIKit.framework in Frameworks */ = {isa = PBXBuildFile; fileRef = BACA6BE4186EC93F00EF8091 /* UIKit.framework */; };
		BACA6BEB186EC93F00EF8091 /* InfoPlist.strings in Resources */ = {isa = PBXBuildFile; fileRef = BACA6BE9186EC93F00EF8091 /* InfoPlist.strings */; };
		BACA6BED186EC93F00EF8091 /* main.m in Sources */ = {isa = PBXBuildFile; fileRef = BACA6BEC186EC93F00EF8091 /* main.m */; };
		BACA6BF1186EC93F00EF8091 /* PandaAppDelegate.m in Sources */ = {isa = PBXBuildFile; fileRef = BACA6BF0186EC93F00EF8091 /* PandaAppDelegate.m */; };
		BACA6BF3186EC93F00EF8091 /* Images.xcassets in Resources */ = {isa = PBXBuildFile; fileRef = BACA6BF2186EC93F00EF8091 /* Images.xcassets */; };
		BACA6BFA186EC93F00EF8091 /* XCTest.framework in Frameworks */ = {isa = PBXBuildFile; fileRef = BACA6BF9186EC93F00EF8091 /* XCTest.framework */; };
		BACA6BFB186EC93F00EF8091 /* Foundation.framework in Frameworks */ = {isa = PBXBuildFile; fileRef = BACA6BE0186EC93F00EF8091 /* Foundation.framework */; };
		BACA6BFC186EC93F00EF8091 /* UIKit.framework in Frameworks */ = {isa = PBXBuildFile; fileRef = BACA6BE4186EC93F00EF8091 /* UIKit.framework */; };
		BACA6C04186EC93F00EF8091 /* InfoPlist.strings in Resources */ = {isa = PBXBuildFile; fileRef = BACA6C02186EC93F00EF8091 /* InfoPlist.strings */; };
		BACA6C06186EC93F00EF8091 /* YGOSearcherTests.m in Sources */ = {isa = PBXBuildFile; fileRef = BACA6C05186EC93F00EF8091 /* YGOSearcherTests.m */; };
		BACA6C10186EC9EE00EF8091 /* Main.storyboard in Resources */ = {isa = PBXBuildFile; fileRef = BACA6C0F186EC9EE00EF8091 /* Main.storyboard */; };
		BAEFD9F21872E73000E8A88A /* PandaSearchViewController.m in Sources */ = {isa = PBXBuildFile; fileRef = BAEFD9F11872E73000E8A88A /* PandaSearchViewController.m */; };
		BAEFD9F71872EE9C00E8A88A /* libsqlite3.dylib in Frameworks */ = {isa = PBXBuildFile; fileRef = BAEFD9F61872EE9C00E8A88A /* libsqlite3.dylib */; };
		BAF6E2A418928BA700044049 /* PandaHighAnswerViewController.m in Sources */ = {isa = PBXBuildFile; fileRef = BAF6E2A318928BA700044049 /* PandaHighAnswerViewController.m */; };
		BAFD79FD1890082A00EDFC1B /* Property List.plist in Resources */ = {isa = PBXBuildFile; fileRef = BAFD79FC1890082A00EDFC1B /* Property List.plist */; };
		BAFD7A001890104100EDFC1B /* PandaSearchCondition.m in Sources */ = {isa = PBXBuildFile; fileRef = BAFD79FF1890104100EDFC1B /* PandaSearchCondition.m */; };
/* End PBXBuildFile section */

/* Begin PBXContainerItemProxy section */
		BACA6BFD186EC93F00EF8091 /* PBXContainerItemProxy */ = {
			isa = PBXContainerItemProxy;
			containerPortal = BACA6BD5186EC93E00EF8091 /* Project object */;
			proxyType = 1;
			remoteGlobalIDString = BACA6BDC186EC93E00EF8091;
			remoteInfo = YGOSearcher;
		};
/* End PBXContainerItemProxy section */

/* Begin PBXFileReference section */
		BA089B8E1890B5760013D713 /* PandaAdvanceTypeViewController.h */ = {isa = PBXFileReference; fileEncoding = 4; lastKnownFileType = sourcecode.c.h; path = PandaAdvanceTypeViewController.h; sourceTree = "<group>"; };
		BA089B8F1890B5760013D713 /* PandaAdvanceTypeViewController.m */ = {isa = PBXFileReference; fileEncoding = 4; lastKnownFileType = sourcecode.c.objc; path = PandaAdvanceTypeViewController.m; sourceTree = "<group>"; };
		BA089B911890B5850013D713 /* PandaAdvanceDetailViewController.h */ = {isa = PBXFileReference; fileEncoding = 4; lastKnownFileType = sourcecode.c.h; path = PandaAdvanceDetailViewController.h; sourceTree = "<group>"; };
		BA089B921890B5850013D713 /* PandaAdvanceDetailViewController.m */ = {isa = PBXFileReference; fileEncoding = 4; lastKnownFileType = sourcecode.c.objc; path = PandaAdvanceDetailViewController.m; sourceTree = "<group>"; };
		BA089B941890B59A0013D713 /* PandaAdvanceValueViewController.h */ = {isa = PBXFileReference; fileEncoding = 4; lastKnownFileType = sourcecode.c.h; path = PandaAdvanceValueViewController.h; sourceTree = "<group>"; };
		BA089B951890B59A0013D713 /* PandaAdvanceValueViewController.m */ = {isa = PBXFileReference; fileEncoding = 4; lastKnownFileType = sourcecode.c.objc; path = PandaAdvanceValueViewController.m; sourceTree = "<group>"; };
		BA089B971890B5A60013D713 /* PandaAdvanceEffectViewController.h */ = {isa = PBXFileReference; fileEncoding = 4; lastKnownFileType = sourcecode.c.h; path = PandaAdvanceEffectViewController.h; sourceTree = "<group>"; };
		BA089B981890B5A60013D713 /* PandaAdvanceEffectViewController.m */ = {isa = PBXFileReference; fileEncoding = 4; lastKnownFileType = sourcecode.c.objc; path = PandaAdvanceEffectViewController.m; sourceTree = "<group>"; };
		BA35A63F1878527200149758 /* Reference.txt */ = {isa = PBXFileReference; fileEncoding = 4; lastKnownFileType = text; path = Reference.txt; sourceTree = "<group>"; };
		BA4C806E1879D523000DD417 /* PandaTranslator.h */ = {isa = PBXFileReference; fileEncoding = 4; lastKnownFileType = sourcecode.c.h; path = PandaTranslator.h; sourceTree = "<group>"; };
		BA4C806F1879D523000DD417 /* PandaTranslator.m */ = {isa = PBXFileReference; fileEncoding = 4; lastKnownFileType = sourcecode.c.objc; path = PandaTranslator.m; sourceTree = "<group>"; };
		BA514DBD186FC201009730D4 /* cards.cdb */ = {isa = PBXFileReference; lastKnownFileType = file; path = cards.cdb; sourceTree = "<group>"; };
		BA9467E51893BFB200C9161F /* 88.png */ = {isa = PBXFileReference; lastKnownFileType = image.png; path = 88.png; sourceTree = "<group>"; };
		BA9467E61893BFB200C9161F /* 33.png */ = {isa = PBXFileReference; lastKnownFileType = image.png; path = 33.png; sourceTree = "<group>"; };
		BA9467E71893BFB200C9161F /* 87.png */ = {isa = PBXFileReference; lastKnownFileType = image.png; path = 87.png; sourceTree = "<group>"; };
		BA9467EB1893D63E00C9161F /* PandaNavigationViewController.h */ = {isa = PBXFileReference; fileEncoding = 4; lastKnownFileType = sourcecode.c.h; path = PandaNavigationViewController.h; sourceTree = "<group>"; };
		BA9467EC1893D63E00C9161F /* PandaNavigationViewController.m */ = {isa = PBXFileReference; fileEncoding = 4; lastKnownFileType = sourcecode.c.objc; path = PandaNavigationViewController.m; sourceTree = "<group>"; };
		BAA7CDDD1893AF6000DA1EE5 /* Entitlements.plist */ = {isa = PBXFileReference; fileEncoding = 4; lastKnownFileType = text.plist.xml; path = Entitlements.plist; sourceTree = "<group>"; };
		BAA95561187B14A500F12BB0 /* PandaDetailsViewController.h */ = {isa = PBXFileReference; fileEncoding = 4; lastKnownFileType = sourcecode.c.h; path = PandaDetailsViewController.h; sourceTree = "<group>"; };
		BAA95562187B14A600F12BB0 /* PandaDetailsViewController.m */ = {isa = PBXFileReference; fileEncoding = 4; lastKnownFileType = sourcecode.c.objc; path = PandaDetailsViewController.m; sourceTree = "<group>"; };
		BAA95564187B183F00F12BB0 /* PandaSummaryViewController.h */ = {isa = PBXFileReference; fileEncoding = 4; lastKnownFileType = sourcecode.c.h; path = PandaSummaryViewController.h; sourceTree = "<group>"; };
		BAA95565187B183F00F12BB0 /* PandaSummaryViewController.m */ = {isa = PBXFileReference; fileEncoding = 4; lastKnownFileType = sourcecode.c.objc; path = PandaSummaryViewController.m; sourceTree = "<group>"; };
		BAA95567187B184B00F12BB0 /* PandaImageViewController.h */ = {isa = PBXFileReference; fileEncoding = 4; lastKnownFileType = sourcecode.c.h; path = PandaImageViewController.h; sourceTree = "<group>"; };
		BAA95568187B184B00F12BB0 /* PandaImageViewController.m */ = {isa = PBXFileReference; fileEncoding = 4; lastKnownFileType = sourcecode.c.objc; path = PandaImageViewController.m; sourceTree = "<group>"; };
		BAB61043189149D80052D4E1 /* PandaHighSearchViewController.h */ = {isa = PBXFileReference; fileEncoding = 4; lastKnownFileType = sourcecode.c.h; path = PandaHighSearchViewController.h; sourceTree = "<group>"; };
		BAB61044189149D80052D4E1 /* PandaHighSearchViewController.m */ = {isa = PBXFileReference; fileEncoding = 4; lastKnownFileType = sourcecode.c.objc; path = PandaHighSearchViewController.m; sourceTree = "<group>"; };
		BABDF53D188F749600608766 /* PandaAdvancedSearchViewController.h */ = {isa = PBXFileReference; fileEncoding = 4; lastKnownFileType = sourcecode.c.h; path = PandaAdvancedSearchViewController.h; sourceTree = "<group>"; };
		BABDF53E188F749600608766 /* PandaAdvancedSearchViewController.m */ = {isa = PBXFileReference; fileEncoding = 4; lastKnownFileType = sourcecode.c.objc; path = PandaAdvancedSearchViewController.m; sourceTree = "<group>"; };
		BABDF546188F89C200608766 /* PandaSearchComboViewController.h */ = {isa = PBXFileReference; fileEncoding = 4; lastKnownFileType = sourcecode.c.h; path = PandaSearchComboViewController.h; sourceTree = "<group>"; };
		BABDF547188F89C200608766 /* PandaSearchComboViewController.m */ = {isa = PBXFileReference; fileEncoding = 4; lastKnownFileType = sourcecode.c.objc; path = PandaSearchComboViewController.m; sourceTree = "<group>"; };
		BACA6BDD186EC93F00EF8091 /* YGOSearcher.app */ = {isa = PBXFileReference; explicitFileType = wrapper.application; includeInIndex = 0; path = YGOSearcher.app; sourceTree = BUILT_PRODUCTS_DIR; };
		BACA6BE0186EC93F00EF8091 /* Foundation.framework */ = {isa = PBXFileReference; lastKnownFileType = wrapper.framework; name = Foundation.framework; path = System/Library/Frameworks/Foundation.framework; sourceTree = SDKROOT; };
		BACA6BE2186EC93F00EF8091 /* CoreGraphics.framework */ = {isa = PBXFileReference; lastKnownFileType = wrapper.framework; name = CoreGraphics.framework; path = System/Library/Frameworks/CoreGraphics.framework; sourceTree = SDKROOT; };
		BACA6BE4186EC93F00EF8091 /* UIKit.framework */ = {isa = PBXFileReference; lastKnownFileType = wrapper.framework; name = UIKit.framework; path = System/Library/Frameworks/UIKit.framework; sourceTree = SDKROOT; };
		BACA6BE8186EC93F00EF8091 /* YGOSearcher-Info.plist */ = {isa = PBXFileReference; lastKnownFileType = text.plist.xml; path = "YGOSearcher-Info.plist"; sourceTree = "<group>"; };
		BACA6BEA186EC93F00EF8091 /* en */ = {isa = PBXFileReference; lastKnownFileType = text.plist.strings; name = en; path = en.lproj/InfoPlist.strings; sourceTree = "<group>"; };
		BACA6BEC186EC93F00EF8091 /* main.m */ = {isa = PBXFileReference; lastKnownFileType = sourcecode.c.objc; path = main.m; sourceTree = "<group>"; };
		BACA6BEE186EC93F00EF8091 /* YGOSearcher-Prefix.pch */ = {isa = PBXFileReference; lastKnownFileType = sourcecode.c.h; path = "YGOSearcher-Prefix.pch"; sourceTree = "<group>"; };
		BACA6BEF186EC93F00EF8091 /* PandaAppDelegate.h */ = {isa = PBXFileReference; lastKnownFileType = sourcecode.c.h; path = PandaAppDelegate.h; sourceTree = "<group>"; };
		BACA6BF0186EC93F00EF8091 /* PandaAppDelegate.m */ = {isa = PBXFileReference; lastKnownFileType = sourcecode.c.objc; path = PandaAppDelegate.m; sourceTree = "<group>"; };
		BACA6BF2186EC93F00EF8091 /* Images.xcassets */ = {isa = PBXFileReference; lastKnownFileType = folder.assetcatalog; path = Images.xcassets; sourceTree = "<group>"; };
		BACA6BF8186EC93F00EF8091 /* YGOSearcherTests.xctest */ = {isa = PBXFileReference; explicitFileType = wrapper.cfbundle; includeInIndex = 0; path = YGOSearcherTests.xctest; sourceTree = BUILT_PRODUCTS_DIR; };
		BACA6BF9186EC93F00EF8091 /* XCTest.framework */ = {isa = PBXFileReference; lastKnownFileType = wrapper.framework; name = XCTest.framework; path = Library/Frameworks/XCTest.framework; sourceTree = DEVELOPER_DIR; };
		BACA6C01186EC93F00EF8091 /* YGOSearcherTests-Info.plist */ = {isa = PBXFileReference; lastKnownFileType = text.plist.xml; path = "YGOSearcherTests-Info.plist"; sourceTree = "<group>"; };
		BACA6C03186EC93F00EF8091 /* en */ = {isa = PBXFileReference; lastKnownFileType = text.plist.strings; name = en; path = en.lproj/InfoPlist.strings; sourceTree = "<group>"; };
		BACA6C05186EC93F00EF8091 /* YGOSearcherTests.m */ = {isa = PBXFileReference; lastKnownFileType = sourcecode.c.objc; path = YGOSearcherTests.m; sourceTree = "<group>"; };
		BACA6C0F186EC9EE00EF8091 /* Main.storyboard */ = {isa = PBXFileReference; fileEncoding = 4; lastKnownFileType = file.storyboard; path = Main.storyboard; sourceTree = "<group>"; };
		BAEFD9F01872E73000E8A88A /* PandaSearchViewController.h */ = {isa = PBXFileReference; fileEncoding = 4; lastKnownFileType = sourcecode.c.h; path = PandaSearchViewController.h; sourceTree = "<group>"; };
		BAEFD9F11872E73000E8A88A /* PandaSearchViewController.m */ = {isa = PBXFileReference; fileEncoding = 4; lastKnownFileType = sourcecode.c.objc; path = PandaSearchViewController.m; sourceTree = "<group>"; };
		BAEFD9F61872EE9C00E8A88A /* libsqlite3.dylib */ = {isa = PBXFileReference; lastKnownFileType = "compiled.mach-o.dylib"; name = libsqlite3.dylib; path = usr/lib/libsqlite3.dylib; sourceTree = SDKROOT; };
		BAF6E2A218928BA700044049 /* PandaHighAnswerViewController.h */ = {isa = PBXFileReference; fileEncoding = 4; lastKnownFileType = sourcecode.c.h; path = PandaHighAnswerViewController.h; sourceTree = "<group>"; };
		BAF6E2A318928BA700044049 /* PandaHighAnswerViewController.m */ = {isa = PBXFileReference; fileEncoding = 4; lastKnownFileType = sourcecode.c.objc; path = PandaHighAnswerViewController.m; sourceTree = "<group>"; };
		BAFD79FC1890082A00EDFC1B /* Property List.plist */ = {isa = PBXFileReference; fileEncoding = 4; lastKnownFileType = text.plist.xml; path = "Property List.plist"; sourceTree = "<group>"; };
		BAFD79FE1890104100EDFC1B /* PandaSearchCondition.h */ = {isa = PBXFileReference; fileEncoding = 4; lastKnownFileType = sourcecode.c.h; path = PandaSearchCondition.h; sourceTree = "<group>"; };
		BAFD79FF1890104100EDFC1B /* PandaSearchCondition.m */ = {isa = PBXFileReference; fileEncoding = 4; lastKnownFileType = sourcecode.c.objc; path = PandaSearchCondition.m; sourceTree = "<group>"; };
/* End PBXFileReference section */

/* Begin PBXFrameworksBuildPhase section */
		BACA6BDA186EC93E00EF8091 /* Frameworks */ = {
			isa = PBXFrameworksBuildPhase;
			buildActionMask = 2147483647;
			files = (
				BAEFD9F71872EE9C00E8A88A /* libsqlite3.dylib in Frameworks */,
				BACA6BE3186EC93F00EF8091 /* CoreGraphics.framework in Frameworks */,
				BACA6BE5186EC93F00EF8091 /* UIKit.framework in Frameworks */,
				BACA6BE1186EC93F00EF8091 /* Foundation.framework in Frameworks */,
			);
			runOnlyForDeploymentPostprocessing = 0;
		};
		BACA6BF5186EC93F00EF8091 /* Frameworks */ = {
			isa = PBXFrameworksBuildPhase;
			buildActionMask = 2147483647;
			files = (
				BACA6BFA186EC93F00EF8091 /* XCTest.framework in Frameworks */,
				BACA6BFC186EC93F00EF8091 /* UIKit.framework in Frameworks */,
				BACA6BFB186EC93F00EF8091 /* Foundation.framework in Frameworks */,
			);
			runOnlyForDeploymentPostprocessing = 0;
		};
/* End PBXFrameworksBuildPhase section */

/* Begin PBXGroup section */
		BA9467D81893B46900C9161F /* Banished */ = {
			isa = PBXGroup;
			children = (
				BA089B8E1890B5760013D713 /* PandaAdvanceTypeViewController.h */,
				BA089B8F1890B5760013D713 /* PandaAdvanceTypeViewController.m */,
				BA089B911890B5850013D713 /* PandaAdvanceDetailViewController.h */,
				BA089B921890B5850013D713 /* PandaAdvanceDetailViewController.m */,
				BA089B941890B59A0013D713 /* PandaAdvanceValueViewController.h */,
				BA089B951890B59A0013D713 /* PandaAdvanceValueViewController.m */,
				BA089B971890B5A60013D713 /* PandaAdvanceEffectViewController.h */,
				BA089B981890B5A60013D713 /* PandaAdvanceEffectViewController.m */,
				BABDF53D188F749600608766 /* PandaAdvancedSearchViewController.h */,
				BABDF53E188F749600608766 /* PandaAdvancedSearchViewController.m */,
				BABDF546188F89C200608766 /* PandaSearchComboViewController.h */,
				BABDF547188F89C200608766 /* PandaSearchComboViewController.m */,
			);
			name = Banished;
			sourceTree = "<group>";
		};
		BACA6BD4186EC93E00EF8091 = {
			isa = PBXGroup;
			children = (
				BACA6BE6186EC93F00EF8091 /* YGOSearcher */,
				BACA6BFF186EC93F00EF8091 /* YGOSearcherTests */,
				BACA6BDF186EC93F00EF8091 /* Frameworks */,
				BACA6BDE186EC93F00EF8091 /* Products */,
			);
			sourceTree = "<group>";
		};
		BACA6BDE186EC93F00EF8091 /* Products */ = {
			isa = PBXGroup;
			children = (
				BACA6BDD186EC93F00EF8091 /* YGOSearcher.app */,
				BACA6BF8186EC93F00EF8091 /* YGOSearcherTests.xctest */,
			);
			name = Products;
			sourceTree = "<group>";
		};
		BACA6BDF186EC93F00EF8091 /* Frameworks */ = {
			isa = PBXGroup;
			children = (
				BAEFD9F61872EE9C00E8A88A /* libsqlite3.dylib */,
				BACA6BE0186EC93F00EF8091 /* Foundation.framework */,
				BACA6BE2186EC93F00EF8091 /* CoreGraphics.framework */,
				BACA6BE4186EC93F00EF8091 /* UIKit.framework */,
				BACA6BF9186EC93F00EF8091 /* XCTest.framework */,
			);
			name = Frameworks;
			sourceTree = "<group>";
		};
		BACA6BE6186EC93F00EF8091 /* YGOSearcher */ = {
			isa = PBXGroup;
			children = (
				BA9467EB1893D63E00C9161F /* PandaNavigationViewController.h */,
				BA9467EC1893D63E00C9161F /* PandaNavigationViewController.m */,
				BA9467D81893B46900C9161F /* Banished */,
				BACA6BEF186EC93F00EF8091 /* PandaAppDelegate.h */,
				BACA6BF0186EC93F00EF8091 /* PandaAppDelegate.m */,
				BACA6C0F186EC9EE00EF8091 /* Main.storyboard */,
				BAA95564187B183F00F12BB0 /* PandaSummaryViewController.h */,
				BAA95565187B183F00F12BB0 /* PandaSummaryViewController.m */,
				BAA95567187B184B00F12BB0 /* PandaImageViewController.h */,
				BAA95568187B184B00F12BB0 /* PandaImageViewController.m */,
				BAA95561187B14A500F12BB0 /* PandaDetailsViewController.h */,
				BAA95562187B14A600F12BB0 /* PandaDetailsViewController.m */,
				BAEFD9F01872E73000E8A88A /* PandaSearchViewController.h */,
				BAEFD9F11872E73000E8A88A /* PandaSearchViewController.m */,
				BAB61043189149D80052D4E1 /* PandaHighSearchViewController.h */,
				BAB61044189149D80052D4E1 /* PandaHighSearchViewController.m */,
				BAF6E2A218928BA700044049 /* PandaHighAnswerViewController.h */,
				BAF6E2A318928BA700044049 /* PandaHighAnswerViewController.m */,
				BACA6BE7186EC93F00EF8091 /* Supporting Files */,
				BAFD79FE1890104100EDFC1B /* PandaSearchCondition.h */,
				BAFD79FF1890104100EDFC1B /* PandaSearchCondition.m */,
				BA4C806E1879D523000DD417 /* PandaTranslator.h */,
				BA4C806F1879D523000DD417 /* PandaTranslator.m */,
				BACA6BF2186EC93F00EF8091 /* Images.xcassets */,
				BAA7CDDD1893AF6000DA1EE5 /* Entitlements.plist */,
			);
			path = YGOSearcher;
			sourceTree = "<group>";
		};
		BACA6BE7186EC93F00EF8091 /* Supporting Files */ = {
			isa = PBXGroup;
			children = (
				BA9467E51893BFB200C9161F /* 88.png */,
				BA9467E61893BFB200C9161F /* 33.png */,
				BA9467E71893BFB200C9161F /* 87.png */,
				BA514DBD186FC201009730D4 /* cards.cdb */,
				BACA6BE8186EC93F00EF8091 /* YGOSearcher-Info.plist */,
				BACA6BE9186EC93F00EF8091 /* InfoPlist.strings */,
				BA35A63F1878527200149758 /* Reference.txt */,
				BACA6BEC186EC93F00EF8091 /* main.m */,
				BACA6BEE186EC93F00EF8091 /* YGOSearcher-Prefix.pch */,
				BAFD79FC1890082A00EDFC1B /* Property List.plist */,
			);
			name = "Supporting Files";
			sourceTree = "<group>";
		};
		BACA6BFF186EC93F00EF8091 /* YGOSearcherTests */ = {
			isa = PBXGroup;
			children = (
				BACA6C05186EC93F00EF8091 /* YGOSearcherTests.m */,
				BACA6C00186EC93F00EF8091 /* Supporting Files */,
			);
			path = YGOSearcherTests;
			sourceTree = "<group>";
		};
		BACA6C00186EC93F00EF8091 /* Supporting Files */ = {
			isa = PBXGroup;
			children = (
				BACA6C01186EC93F00EF8091 /* YGOSearcherTests-Info.plist */,
				BACA6C02186EC93F00EF8091 /* InfoPlist.strings */,
			);
			name = "Supporting Files";
			sourceTree = "<group>";
		};
/* End PBXGroup section */

/* Begin PBXNativeTarget section */
		BACA6BDC186EC93E00EF8091 /* YGOSearcher */ = {
			isa = PBXNativeTarget;
			buildConfigurationList = BACA6C09186EC93F00EF8091 /* Build configuration list for PBXNativeTarget "YGOSearcher" */;
			buildPhases = (
				BACA6BD9186EC93E00EF8091 /* Sources */,
				BACA6BDA186EC93E00EF8091 /* Frameworks */,
				BACA6BDB186EC93E00EF8091 /* Resources */,
				BA14684E1880488A00DD35F3 /* Run Script */,
			);
			buildRules = (
			);
			dependencies = (
			);
			name = YGOSearcher;
			productName = YGOSearcher;
			productReference = BACA6BDD186EC93F00EF8091 /* YGOSearcher.app */;
			productType = "com.apple.product-type.application";
		};
		BACA6BF7186EC93F00EF8091 /* YGOSearcherTests */ = {
			isa = PBXNativeTarget;
			buildConfigurationList = BACA6C0C186EC93F00EF8091 /* Build configuration list for PBXNativeTarget "YGOSearcherTests" */;
			buildPhases = (
				BACA6BF4186EC93F00EF8091 /* Sources */,
				BACA6BF5186EC93F00EF8091 /* Frameworks */,
				BACA6BF6186EC93F00EF8091 /* Resources */,
			);
			buildRules = (
			);
			dependencies = (
				BACA6BFE186EC93F00EF8091 /* PBXTargetDependency */,
			);
			name = YGOSearcherTests;
			productName = YGOSearcherTests;
			productReference = BACA6BF8186EC93F00EF8091 /* YGOSearcherTests.xctest */;
			productType = "com.apple.product-type.bundle.unit-test";
		};
/* End PBXNativeTarget section */

/* Begin PBXProject section */
		BACA6BD5186EC93E00EF8091 /* Project object */ = {
			isa = PBXProject;
			attributes = {
				CLASSPREFIX = Panda;
				LastUpgradeCheck = 0500;
				ORGANIZATIONNAME = IamI;
				TargetAttributes = {
					BACA6BF7186EC93F00EF8091 = {
						TestTargetID = BACA6BDC186EC93E00EF8091;
					};
				};
			};
			buildConfigurationList = BACA6BD8186EC93E00EF8091 /* Build configuration list for PBXProject "YGOSearcher" */;
			compatibilityVersion = "Xcode 3.2";
			developmentRegion = English;
			hasScannedForEncodings = 0;
			knownRegions = (
				en,
			);
			mainGroup = BACA6BD4186EC93E00EF8091;
			productRefGroup = BACA6BDE186EC93F00EF8091 /* Products */;
			projectDirPath = "";
			projectRoot = "";
			targets = (
				BACA6BDC186EC93E00EF8091 /* YGOSearcher */,
				BACA6BF7186EC93F00EF8091 /* YGOSearcherTests */,
			);
		};
/* End PBXProject section */

/* Begin PBXResourcesBuildPhase section */
		BACA6BDB186EC93E00EF8091 /* Resources */ = {
			isa = PBXResourcesBuildPhase;
			buildActionMask = 2147483647;
			files = (
				BA9467EA1893BFB200C9161F /* 87.png in Resources */,
				BAFD79FD1890082A00EDFC1B /* Property List.plist in Resources */,
				BA9467E91893BFB200C9161F /* 33.png in Resources */,
				BA9467E81893BFB200C9161F /* 88.png in Resources */,
				BACA6C10186EC9EE00EF8091 /* Main.storyboard in Resources */,
				BA514DBE186FC201009730D4 /* cards.cdb in Resources */,
				BA35A6401878527200149758 /* Reference.txt in Resources */,
				BAA7CDDE1893AF6000DA1EE5 /* Entitlements.plist in Resources */,
				BACA6BEB186EC93F00EF8091 /* InfoPlist.strings in Resources */,
				BACA6BF3186EC93F00EF8091 /* Images.xcassets in Resources */,
			);
			runOnlyForDeploymentPostprocessing = 0;
		};
		BACA6BF6186EC93F00EF8091 /* Resources */ = {
			isa = PBXResourcesBuildPhase;
			buildActionMask = 2147483647;
			files = (
				BACA6C04186EC93F00EF8091 /* InfoPlist.strings in Resources */,
			);
			runOnlyForDeploymentPostprocessing = 0;
		};
/* End PBXResourcesBuildPhase section */

/* Begin PBXShellScriptBuildPhase section */
		BA14684E1880488A00DD35F3 /* Run Script */ = {
			isa = PBXShellScriptBuildPhase;
			buildActionMask = 2147483647;
			files = (
			);
			inputPaths = (
			);
			name = "Run Script";
			outputPaths = (
			);
			runOnlyForDeploymentPostprocessing = 0;
			shellPath = /bin/sh;
			shellScript = "export\nCODESIGN_ALLOCATE=/Applications/Xcode.app/Contents/Developer/Platforms/iPhoneOS.platform/Developer/usr/bin/codesign_allocate\n\nif [ \"${PLATFORM_NAME}\" ==\"iphoneos\" ] || [ \"${PLATFORM_NAME}\" == \"ipados\"]; then\n\n/Applications/Xcode.app/Contents/Developer/iphoneentitlements/gen_entitlements.py \"my.company.${PROJECT_NAME}\" \"${BUILT_PRODUCTS_DIR}/${WRAPPER_NAME}/${PROJECT_NAME}.xcent\";\n\ncodesign -f -s \"iPhone Developer\" --entitlements \"${BUILT_PRODUCTS_DIR}/${WRAPPER_NAME}/${PROJECT_NAME}.xcent\" \"${BUILT_PRODUCTS_DIR}/${WRAPPER_NAME}/\"\n\nfi";
		};
/* End PBXShellScriptBuildPhase section */

/* Begin PBXSourcesBuildPhase section */
		BACA6BD9186EC93E00EF8091 /* Sources */ = {
			isa = PBXSourcesBuildPhase;
			buildActionMask = 2147483647;
			files = (
				BAFD7A001890104100EDFC1B /* PandaSearchCondition.m in Sources */,
				BA4C80701879D523000DD417 /* PandaTranslator.m in Sources */,
				BA089B901890B5760013D713 /* PandaAdvanceTypeViewController.m in Sources */,
				BAA95566187B183F00F12BB0 /* PandaSummaryViewController.m in Sources */,
				BACA6BED186EC93F00EF8091 /* main.m in Sources */,
				BAA95569187B184B00F12BB0 /* PandaImageViewController.m in Sources */,
				BACA6BF1186EC93F00EF8091 /* PandaAppDelegate.m in Sources */,
				BA089B991890B5A60013D713 /* PandaAdvanceEffectViewController.m in Sources */,
				BAB61045189149D80052D4E1 /* PandaHighSearchViewController.m in Sources */,
				BA089B961890B59A0013D713 /* PandaAdvanceValueViewController.m in Sources */,
				BABDF548188F89C200608766 /* PandaSearchComboViewController.m in Sources */,
				BABDF53F188F749600608766 /* PandaAdvancedSearchViewController.m in Sources */,
				BA9467ED1893D63E00C9161F /* PandaNavigationViewController.m in Sources */,
				BA089B931890B5850013D713 /* PandaAdvanceDetailViewController.m in Sources */,
				BAF6E2A418928BA700044049 /* PandaHighAnswerViewController.m in Sources */,
				BAA95563187B14A600F12BB0 /* PandaDetailsViewController.m in Sources */,
				BAEFD9F21872E73000E8A88A /* PandaSearchViewController.m in Sources */,
			);
			runOnlyForDeploymentPostprocessing = 0;
		};
		BACA6BF4186EC93F00EF8091 /* Sources */ = {
			isa = PBXSourcesBuildPhase;
			buildActionMask = 2147483647;
			files = (
				BACA6C06186EC93F00EF8091 /* YGOSearcherTests.m in Sources */,
			);
			runOnlyForDeploymentPostprocessing = 0;
		};
/* End PBXSourcesBuildPhase section */

/* Begin PBXTargetDependency section */
		BACA6BFE186EC93F00EF8091 /* PBXTargetDependency */ = {
			isa = PBXTargetDependency;
			target = BACA6BDC186EC93E00EF8091 /* YGOSearcher */;
			targetProxy = BACA6BFD186EC93F00EF8091 /* PBXContainerItemProxy */;
		};
/* End PBXTargetDependency section */

/* Begin PBXVariantGroup section */
		BACA6BE9186EC93F00EF8091 /* InfoPlist.strings */ = {
			isa = PBXVariantGroup;
			children = (
				BACA6BEA186EC93F00EF8091 /* en */,
			);
			name = InfoPlist.strings;
			sourceTree = "<group>";
		};
		BACA6C02186EC93F00EF8091 /* InfoPlist.strings */ = {
			isa = PBXVariantGroup;
			children = (
				BACA6C03186EC93F00EF8091 /* en */,
			);
			name = InfoPlist.strings;
			sourceTree = "<group>";
		};
/* End PBXVariantGroup section */

/* Begin XCBuildConfiguration section */
		BACA6C07186EC93F00EF8091 /* Debug */ = {
			isa = XCBuildConfiguration;
			buildSettings = {
				ALWAYS_SEARCH_USER_PATHS = NO;
				ARCHS = "$(ARCHS_STANDARD_INCLUDING_64_BIT)";
				CLANG_CXX_LANGUAGE_STANDARD = "gnu++0x";
				CLANG_CXX_LIBRARY = "libc++";
				CLANG_ENABLE_MODULES = YES;
				CLANG_ENABLE_OBJC_ARC = YES;
				CLANG_WARN_BOOL_CONVERSION = YES;
				CLANG_WARN_CONSTANT_CONVERSION = YES;
				CLANG_WARN_DIRECT_OBJC_ISA_USAGE = YES_ERROR;
				CLANG_WARN_EMPTY_BODY = YES;
				CLANG_WARN_ENUM_CONVERSION = YES;
				CLANG_WARN_INT_CONVERSION = YES;
				CLANG_WARN_OBJC_ROOT_CLASS = YES_ERROR;
				CLANG_WARN__DUPLICATE_METHOD_MATCH = YES;
				"CODE_SIGN_IDENTITY[sdk=iphoneos*]" = "iPhone Developer";
				COPY_PHASE_STRIP = NO;
				GCC_C_LANGUAGE_STANDARD = gnu99;
				GCC_DYNAMIC_NO_PIC = NO;
				GCC_OPTIMIZATION_LEVEL = 0;
				GCC_PREPROCESSOR_DEFINITIONS = (
					"DEBUG=1",
					"$(inherited)",
				);
				GCC_SYMBOLS_PRIVATE_EXTERN = NO;
				GCC_WARN_64_TO_32_BIT_CONVERSION = YES;
				GCC_WARN_ABOUT_RETURN_TYPE = YES_ERROR;
				GCC_WARN_UNDECLARED_SELECTOR = YES;
				GCC_WARN_UNINITIALIZED_AUTOS = YES;
				GCC_WARN_UNUSED_FUNCTION = YES;
				GCC_WARN_UNUSED_VARIABLE = YES;
				IPHONEOS_DEPLOYMENT_TARGET = 6.1;
				ONLY_ACTIVE_ARCH = YES;
				SDKROOT = iphoneos;
			};
			name = Debug;
		};
		BACA6C08186EC93F00EF8091 /* Release */ = {
			isa = XCBuildConfiguration;
			buildSettings = {
				ALWAYS_SEARCH_USER_PATHS = NO;
				ARCHS = "$(ARCHS_STANDARD_INCLUDING_64_BIT)";
				CLANG_CXX_LANGUAGE_STANDARD = "gnu++0x";
				CLANG_CXX_LIBRARY = "libc++";
				CLANG_ENABLE_MODULES = YES;
				CLANG_ENABLE_OBJC_ARC = YES;
				CLANG_WARN_BOOL_CONVERSION = YES;
				CLANG_WARN_CONSTANT_CONVERSION = YES;
				CLANG_WARN_DIRECT_OBJC_ISA_USAGE = YES_ERROR;
				CLANG_WARN_EMPTY_BODY = YES;
				CLANG_WARN_ENUM_CONVERSION = YES;
				CLANG_WARN_INT_CONVERSION = YES;
				CLANG_WARN_OBJC_ROOT_CLASS = YES_ERROR;
				CLANG_WARN__DUPLICATE_METHOD_MATCH = YES;
				"CODE_SIGN_IDENTITY[sdk=iphoneos*]" = "iPhone Developer";
				COPY_PHASE_STRIP = YES;
				ENABLE_NS_ASSERTIONS = NO;
				GCC_C_LANGUAGE_STANDARD = gnu99;
				GCC_WARN_64_TO_32_BIT_CONVERSION = YES;
				GCC_WARN_ABOUT_RETURN_TYPE = YES_ERROR;
				GCC_WARN_UNDECLARED_SELECTOR = YES;
				GCC_WARN_UNINITIALIZED_AUTOS = YES;
				GCC_WARN_UNUSED_FUNCTION = YES;
				GCC_WARN_UNUSED_VARIABLE = YES;
				IPHONEOS_DEPLOYMENT_TARGET = 6.1;
				SDKROOT = iphoneos;
				VALIDATE_PRODUCT = YES;
			};
			name = Release;
		};
		BACA6C0A186EC93F00EF8091 /* Debug */ = {
			isa = XCBuildConfiguration;
			buildSettings = {
				ASSETCATALOG_COMPILER_APPICON_NAME = AppIcon;
				ASSETCATALOG_COMPILER_LAUNCHIMAGE_NAME = LaunchImage;
				CODE_SIGN_ENTITLEMENTS = YGOSearcher/Entitlements.plist;
				"CODE_SIGN_IDENTITY[sdk=iphoneos*]" = "iPhone Developer";
				GCC_PRECOMPILE_PREFIX_HEADER = YES;
				GCC_PREFIX_HEADER = "YGOSearcher/YGOSearcher-Prefix.pch";
				INFOPLIST_FILE = "YGOSearcher/YGOSearcher-Info.plist";
				IPHONEOS_DEPLOYMENT_TARGET = 6.1;
				PRODUCT_NAME = "$(TARGET_NAME)";
				WRAPPER_EXTENSION = app;
			};
			name = Debug;
		};
		BACA6C0B186EC93F00EF8091 /* Release */ = {
			isa = XCBuildConfiguration;
			buildSettings = {
				ASSETCATALOG_COMPILER_APPICON_NAME = AppIcon;
				ASSETCATALOG_COMPILER_LAUNCHIMAGE_NAME = LaunchImage;
				CODE_SIGN_ENTITLEMENTS = YGOSearcher/Entitlements.plist;
				"CODE_SIGN_IDENTITY[sdk=iphoneos*]" = "iPhone Developer";
				GCC_PRECOMPILE_PREFIX_HEADER = YES;
				GCC_PREFIX_HEADER = "YGOSearcher/YGOSearcher-Prefix.pch";
				INFOPLIST_FILE = "YGOSearcher/YGOSearcher-Info.plist";
				IPHONEOS_DEPLOYMENT_TARGET = 6.1;
				PRODUCT_NAME = "$(TARGET_NAME)";
				WRAPPER_EXTENSION = app;
			};
			name = Release;
		};
		BACA6C0D186EC93F00EF8091 /* Debug */ = {
			isa = XCBuildConfiguration;
			buildSettings = {
				ARCHS = "$(ARCHS_STANDARD_INCLUDING_64_BIT)";
				BUNDLE_LOADER = "$(BUILT_PRODUCTS_DIR)/YGOSearcher.app/YGOSearcher";
				FRAMEWORK_SEARCH_PATHS = (
					"$(SDKROOT)/Developer/Library/Frameworks",
					"$(inherited)",
					"$(DEVELOPER_FRAMEWORKS_DIR)",
				);
				GCC_PRECOMPILE_PREFIX_HEADER = YES;
				GCC_PREFIX_HEADER = "YGOSearcher/YGOSearcher-Prefix.pch";
				GCC_PREPROCESSOR_DEFINITIONS = (
					"DEBUG=1",
					"$(inherited)",
				);
				INFOPLIST_FILE = "YGOSearcherTests/YGOSearcherTests-Info.plist";
				PRODUCT_NAME = "$(TARGET_NAME)";
				TEST_HOST = "$(BUNDLE_LOADER)";
				WRAPPER_EXTENSION = xctest;
			};
			name = Debug;
		};
		BACA6C0E186EC93F00EF8091 /* Release */ = {
			isa = XCBuildConfiguration;
			buildSettings = {
				ARCHS = "$(ARCHS_STANDARD_INCLUDING_64_BIT)";
				BUNDLE_LOADER = "$(BUILT_PRODUCTS_DIR)/YGOSearcher.app/YGOSearcher";
				FRAMEWORK_SEARCH_PATHS = (
					"$(SDKROOT)/Developer/Library/Frameworks",
					"$(inherited)",
					"$(DEVELOPER_FRAMEWORKS_DIR)",
				);
				GCC_PRECOMPILE_PREFIX_HEADER = YES;
				GCC_PREFIX_HEADER = "YGOSearcher/YGOSearcher-Prefix.pch";
				INFOPLIST_FILE = "YGOSearcherTests/YGOSearcherTests-Info.plist";
				PRODUCT_NAME = "$(TARGET_NAME)";
				TEST_HOST = "$(BUNDLE_LOADER)";
				WRAPPER_EXTENSION = xctest;
			};
			name = Release;
		};
/* End XCBuildConfiguration section */

/* Begin XCConfigurationList section */
		BACA6BD8186EC93E00EF8091 /* Build configuration list for PBXProject "YGOSearcher" */ = {
			isa = XCConfigurationList;
			buildConfigurations = (
				BACA6C07186EC93F00EF8091 /* Debug */,
				BACA6C08186EC93F00EF8091 /* Release */,
			);
			defaultConfigurationIsVisible = 0;
			defaultConfigurationName = Release;
		};
		BACA6C09186EC93F00EF8091 /* Build configuration list for PBXNativeTarget "YGOSearcher" */ = {
			isa = XCConfigurationList;
			buildConfigurations = (
				BACA6C0A186EC93F00EF8091 /* Debug */,
				BACA6C0B186EC93F00EF8091 /* Release */,
			);
			defaultConfigurationIsVisible = 0;
			defaultConfigurationName = Release;
		};
		BACA6C0C186EC93F00EF8091 /* Build configuration list for PBXNativeTarget "YGOSearcherTests" */ = {
			isa = XCConfigurationList;
			buildConfigurations = (
				BACA6C0D186EC93F00EF8091 /* Debug */,
				BACA6C0E186EC93F00EF8091 /* Release */,
			);
			defaultConfigurationIsVisible = 0;
			defaultConfigurationName = Release;
		};
/* End XCConfigurationList section */
	};
	rootObject = BACA6BD5186EC93E00EF8091 /* Project object */;
}
